{
  "name": "@tandil/diffsplit",
  "version": "0.1.5",
  "lockfileVersion": 1,
  "requires": true,
  "dependencies": {
    "@tandil/diffparse": {
      "version": "0.1.2",
      "resolved": "https://registry.npmjs.org/@tandil/diffparse/-/diffparse-0.1.2.tgz",
      "integrity": "sha512-zyvyGehjv8e4HGUyTUaJclK3ANwLL7K9VbqZuz8ikBqkjnRpm5yDukkxNhq3bHZFKnuVyoruoCLtafJFSUN7og=="
    }
  }
}
